// !$*UTF8*$!
{
	archiveVersion = 1;
	classes = {
	};
	objectVersion = 50;
	objects = {

/* Begin PBXBuildFile section */
		EA5A2708282C1C8000E7BED3 /* AppDelegate.swift in Sources */ = {isa = PBXBuildFile; fileRef = EA5A2707282C1C8000E7BED3 /* AppDelegate.swift */; };
		EA5A270A282C1C8000E7BED3 /* SceneDelegate.swift in Sources */ = {isa = PBXBuildFile; fileRef = EA5A2709282C1C8000E7BED3 /* SceneDelegate.swift */; };
		EA5A270C282C1C8000E7BED3 /* ViewController.swift in Sources */ = {isa = PBXBuildFile; fileRef = EA5A270B282C1C8000E7BED3 /* ViewController.swift */; };
		EA5A270F282C1C8000E7BED3 /* Main.storyboard in Resources */ = {isa = PBXBuildFile; fileRef = EA5A270D282C1C8000E7BED3 /* Main.storyboard */; };
		EA5A2712282C1C8000E7BED3 /* NewWordProject.xcdatamodeld in Sources */ = {isa = PBXBuildFile; fileRef = EA5A2710282C1C8000E7BED3 /* NewWordProject.xcdatamodeld */; };
		EA5A2714282C1C8100E7BED3 /* Assets.xcassets in Resources */ = {isa = PBXBuildFile; fileRef = EA5A2713282C1C8100E7BED3 /* Assets.xcassets */; };
		EA5A2717282C1C8100E7BED3 /* LaunchScreen.storyboard in Resources */ = {isa = PBXBuildFile; fileRef = EA5A2715282C1C8100E7BED3 /* LaunchScreen.storyboard */; };
/* End PBXBuildFile section */

/* Begin PBXFileReference section */
		EA5A2704282C1C8000E7BED3 /* NewWordProject.app */ = {isa = PBXFileReference; explicitFileType = wrapper.application; includeInIndex = 0; path = NewWordProject.app; sourceTree = BUILT_PRODUCTS_DIR; };
		EA5A2707282C1C8000E7BED3 /* AppDelegate.swift */ = {isa = PBXFileReference; lastKnownFileType = sourcecode.swift; path = AppDelegate.swift; sourceTree = "<group>"; };
		EA5A2709282C1C8000E7BED3 /* SceneDelegate.swift */ = {isa = PBXFileReference; lastKnownFileType = sourcecode.swift; path = SceneDelegate.swift; sourceTree = "<group>"; };
		EA5A270B282C1C8000E7BED3 /* ViewController.swift */ = {isa = PBXFileReference; lastKnownFileType = sourcecode.swift; path = ViewController.swift; sourceTree = "<group>"; };
		EA5A270E282C1C8000E7BED3 /* Base */ = {isa = PBXFileReference; lastKnownFileType = file.storyboard; name = Base; path = Base.lproj/Main.storyboard; sourceTree = "<group>"; };
		EA5A2711282C1C8000E7BED3 /* NewWordProject.xcdatamodel */ = {isa = PBXFileReference; lastKnownFileType = wrapper.xcdatamodel; path = NewWordProject.xcdatamodel; sourceTree = "<group>"; };
		EA5A2713282C1C8100E7BED3 /* Assets.xcassets */ = {isa = PBXFileReference; lastKnownFileType = folder.assetcatalog; path = Assets.xcassets; sourceTree = "<group>"; };
		EA5A2716282C1C8100E7BED3 /* Base */ = {isa = PBXFileReference; lastKnownFileType = file.storyboard; name = Base; path = Base.lproj/LaunchScreen.storyboard; sourceTree = "<group>"; };
		EA5A2718282C1C8100E7BED3 /* Info.plist */ = {isa = PBXFileReference; lastKnownFileType = text.plist.xml; path = Info.plist; sourceTree = "<group>"; };
/* End PBXFileReference section */

/* Begin PBXFrameworksBuildPhase section */
		EA5A2701282C1C8000E7BED3 /* Frameworks */ = {
			isa = PBXFrameworksBuildPhase;
			buildActionMask = 2147483647;
			files = (
			);
			runOnlyForDeploymentPostprocessing = 0;
		};
/* End PBXFrameworksBuildPhase section */

/* Begin PBXGroup section */
		EA5A26FB282C1C8000E7BED3 = {
			isa = PBXGroup;
			children = (
				EA5A2706282C1C8000E7BED3 /* NewWordProject */,
				EA5A2705282C1C8000E7BED3 /* Products */,
			);
			sourceTree = "<group>";
		};
		EA5A2705282C1C8000E7BED3 /* Products */ = {
			isa = PBXGroup;
			children = (
				EA5A2704282C1C8000E7BED3 /* NewWordProject.app */,
			);
			name = Products;
			sourceTree = "<group>";
		};
		EA5A2706282C1C8000E7BED3 /* NewWordProject */ = {
			isa = PBXGroup;
			children = (
				EA5A2707282C1C8000E7BED3 /* AppDelegate.swift */,
				EA5A2709282C1C8000E7BED3 /* SceneDelegate.swift */,
				EA5A270B282C1C8000E7BED3 /* ViewController.swift */,
				EA5A270D282C1C8000E7BED3 /* Main.storyboard */,
				EA5A2713282C1C8100E7BED3 /* Assets.xcassets */,
				EA5A2715282C1C8100E7BED3 /* LaunchScreen.storyboard */,
				EA5A2718282C1C8100E7BED3 /* Info.plist */,
				EA5A2710282C1C8000E7BED3 /* NewWordProject.xcdatamodeld */,
			);
			path = NewWordProject;
			sourceTree = "<group>";
		};
/* End PBXGroup section */

/* Begin PBXNativeTarget section */
		EA5A2703282C1C8000E7BED3 /* NewWordProject */ = {
			isa = PBXNativeTarget;
			buildConfigurationList = EA5A271B282C1C8100E7BED3 /* Build configuration list for PBXNativeTarget "NewWordProject" */;
			buildPhases = (
				EA5A2700282C1C8000E7BED3 /* Sources */,
				EA5A2701282C1C8000E7BED3 /* Frameworks */,
				EA5A2702282C1C8000E7BED3 /* Resources */,
			);
			buildRules = (
			);
			dependencies = (
			);
			name = NewWordProject;
			productName = NewWordProject;
			productReference = EA5A2704282C1C8000E7BED3 /* NewWordProject.app */;
			productType = "com.apple.product-type.application";
		};
/* End PBXNativeTarget section */

/* Begin PBXProject section */
		EA5A26FC282C1C8000E7BED3 /* Project object */ = {
			isa = PBXProject;
			attributes = {
				LastSwiftUpdateCheck = 1140;
				LastUpgradeCheck = 1140;
				ORGANIZATIONNAME = "Omar Tharwat";
				TargetAttributes = {
					EA5A2703282C1C8000E7BED3 = {
						CreatedOnToolsVersion = 11.4;
					};
				};
			};
			buildConfigurationList = EA5A26FF282C1C8000E7BED3 /* Build configuration list for PBXProject "NewWordProject" */;
			compatibilityVersion = "Xcode 9.3";
			developmentRegion = en;
			hasScannedForEncodings = 0;
			knownRegions = (
				en,
				Base,
			);
			mainGroup = EA5A26FB282C1C8000E7BED3;
			productRefGroup = EA5A2705282C1C8000E7BED3 /* Products */;
			projectDirPath = "";
			projectRoot = "";
			targets = (
				EA5A2703282C1C8000E7BED3 /* NewWordProject */,
			);
		};
/* End PBXProject section */

/* Begin PBXResourcesBuildPhase section */
		EA5A2702282C1C8000E7BED3 /* Resources */ = {
			isa = PBXResourcesBuildPhase;
			buildActionMask = 2147483647;
			files = (
				EA5A2717282C1C8100E7BED3 /* LaunchScreen.storyboard in Resources */,
				EA5A2714282C1C8100E7BED3 /* Assets.xcassets in Resources */,
				EA5A270F282C1C8000E7BED3 /* Main.storyboard in Resources */,
			);
			runOnlyForDeploymentPostprocessing = 0;
		};
/* End PBXResourcesBuildPhase section */

/* Begin PBXSourcesBuildPhase section */
		EA5A2700282C1C8000E7BED3 /* Sources */ = {
			isa = PBXSourcesBuildPhase;
			buildActionMask = 2147483647;
			files = (
				EA5A2712282C1C8000E7BED3 /* NewWordProject.xcdatamodeld in Sources */,
				EA5A270C282C1C8000E7BED3 /* ViewController.swift in Sources */,
				EA5A2708282C1C8000E7BED3 /* AppDelegate.swift in Sources */,
				EA5A270A282C1C8000E7BED3 /* SceneDelegate.swift in Sources */,
			);
			runOnlyForDeploymentPostprocessing = 0;
		};
/* End PBXSourcesBuildPhase section */

/* Begin PBXVariantGroup section */
		EA5A270D282C1C8000E7BED3 /* Main.storyboard */ = {
			isa = PBXVariantGroup;
			children = (
				EA5A270E282C1C8000E7BED3 /* Base */,
			);
			name = Main.storyboard;
			sourceTree = "<group>";
		};
		EA5A2715282C1C8100E7BED3 /* LaunchScreen.storyboard */ = {
			isa = PBXVariantGroup;
			children = (
				EA5A2716282C1C8100E7BED3 /* Base */,
			);
			name = LaunchScreen.storyboard;
			sourceTree = "<group>";
		};
/* End PBXVariantGroup section */

/* Begin XCBuildConfiguration section */
		EA5A2719282C1C8100E7BED3 /* Debug */ = {
			isa = XCBuildConfiguration;
			buildSettings = {
				ALWAYS_SEARCH_USER_PATHS = NO;
				CLANG_ANALYZER_NONNULL = YES;
				CLANG_ANALYZER_NUMBER_OBJECT_CONVERSION = YES_AGGRESSIVE;
				CLANG_CXX_LANGUAGE_STANDARD = "gnu++14";
				CLANG_CXX_LIBRARY = "libc++";
				CLANG_ENABLE_MODULES = YES;
				CLANG_ENABLE_OBJC_ARC = YES;
				CLANG_ENABLE_OBJC_WEAK = YES;
				CLANG_WARN_BLOCK_CAPTURE_AUTORELEASING = YES;
				CLANG_WARN_BOOL_CONVERSION = YES;
				CLANG_WARN_COMMA = YES;
				CLANG_WARN_CONSTANT_CONVERSION = YES;
				CLANG_WARN_DEPRECATED_OBJC_IMPLEMENTATIONS = YES;
				CLANG_WARN_DIRECT_OBJC_ISA_USAGE = YES_ERROR;
				CLANG_WARN_DOCUMENTATION_COMMENTS = YES;
				CLANG_WARN_EMPTY_BODY = YES;
				CLANG_WARN_ENUM_CONVERSION = YES;
				CLANG_WARN_INFINITE_RECURSION = YES;
				CLANG_WARN_INT_CONVERSION = YES;
				CLANG_WARN_NON_LITERAL_NULL_CONVERSION = YES;
				CLANG_WARN_OBJC_IMPLICIT_RETAIN_SELF = YES;
				CLANG_WARN_OBJC_LITERAL_CONVERSION = YES;
				CLANG_WARN_OBJC_ROOT_CLASS = YES_ERROR;
				CLANG_WARN_RANGE_LOOP_ANALYSIS = YES;
				CLANG_WARN_STRICT_PROTOTYPES = YES;
				CLANG_WARN_SUSPICIOUS_MOVE = YES;
				CLANG_WARN_UNGUARDED_AVAILABILITY = YES_AGGRESSIVE;
				CLANG_WARN_UNREACHABLE_CODE = YES;
				CLANG_WARN__DUPLICATE_METHOD_MATCH = YES;
				COPY_PHASE_STRIP = NO;
				DEBUG_INFORMATION_FORMAT = dwarf;
				ENABLE_STRICT_OBJC_MSGSEND = YES;
				ENABLE_TESTABILITY = YES;
				GCC_C_LANGUAGE_STANDARD = gnu11;
				GCC_DYNAMIC_NO_PIC = NO;
				GCC_NO_COMMON_BLOCKS = YES;
				GCC_OPTIMIZATION_LEVEL = 0;
				GCC_PREPROCESSOR_DEFINITIONS = (
					"DEBUG=1",
					"$(inherited)",
				);
				GCC_WARN_64_TO_32_BIT_CONVERSION = YES;
				GCC_WARN_ABOUT_RETURN_TYPE = YES_ERROR;
				GCC_WARN_UNDECLARED_SELECTOR = YES;
				GCC_WARN_UNINITIALIZED_AUTOS = YES_AGGRESSIVE;
				GCC_WARN_UNUSED_FUNCTION = YES;
				GCC_WARN_UNUSED_VARIABLE = YES;
				IPHONEOS_DEPLOYMENT_TARGET = 13.4;
				MTL_ENABLE_DEBUG_INFO = INCLUDE_SOURCE;
				MTL_FAST_MATH = YES;
				ONLY_ACTIVE_ARCH = YES;
				SDKROOT = iphoneos;
				SWIFT_ACTIVE_COMPILATION_CONDITIONS = DEBUG;
				SWIFT_OPTIMIZATION_LEVEL = "-Onone";
			};
			name = Debug;
		};
		EA5A271A282C1C8100E7BED3 /* Release */ = {
			isa = XCBuildConfiguration;
			buildSettings = {
				ALWAYS_SEARCH_USER_PATHS = NO;
				CLANG_ANALYZER_NONNULL = YES;
				CLANG_ANALYZER_NUMBER_OBJECT_CONVERSION = YES_AGGRESSIVE;
				CLANG_CXX_LANGUAGE_STANDARD = "gnu++14";
				CLANG_CXX_LIBRARY = "libc++";
				CLANG_ENABLE_MODULES = YES;
				CLANG_ENABLE_OBJC_ARC = YES;
				CLANG_ENABLE_OBJC_WEAK = YES;
				CLANG_WARN_BLOCK_CAPTURE_AUTORELEASING = YES;
				CLANG_WARN_BOOL_CONVERSION = YES;
				CLANG_WARN_COMMA = YES;
				CLANG_WARN_CONSTANT_CONVERSION = YES;
				CLANG_WARN_DEPRECATED_OBJC_IMPLEMENTATIONS = YES;
				CLANG_WARN_DIRECT_OBJC_ISA_USAGE = YES_ERROR;
				CLANG_WARN_DOCUMENTATION_COMMENTS = YES;
				CLANG_WARN_EMPTY_BODY = YES;
				CLANG_WARN_ENUM_CONVERSION = YES;
				CLANG_WARN_INFINITE_RECURSION = YES;
				CLANG_WARN_INT_CONVERSION = YES;
				CLANG_WARN_NON_LITERAL_NULL_CONVERSION = YES;
				CLANG_WARN_OBJC_IMPLICIT_RETAIN_SELF = YES;
				CLANG_WARN_OBJC_LITERAL_CONVERSION = YES;
				CLANG_WARN_OBJC_ROOT_CLASS = YES_ERROR;
				CLANG_WARN_RANGE_LOOP_ANALYSIS = YES;
				CLANG_WARN_STRICT_PROTOTYPES = YES;
				CLANG_WARN_SUSPICIOUS_MOVE = YES;
				CLANG_WARN_UNGUARDED_AVAILABILITY = YES_AGGRESSIVE;
				CLANG_WARN_UNREACHABLE_CODE = YES;
				CLANG_WARN__DUPLICATE_METHOD_MATCH = YES;
				COPY_PHASE_STRIP = NO;
				DEBUG_INFORMATION_FORMAT = "dwarf-with-dsym";
				ENABLE_NS_ASSERTIONS = NO;
				ENABLE_STRICT_OBJC_MSGSEND = YES;
				GCC_C_LANGUAGE_STANDARD = gnu11;
				GCC_NO_COMMON_BLOCKS = YES;
				GCC_WARN_64_TO_32_BIT_CONVERSION = YES;
				GCC_WARN_ABOUT_RETURN_TYPE = YES_ERROR;
				GCC_WARN_UNDECLARED_SELECTOR = YES;
				GCC_WARN_UNINITIALIZED_AUTOS = YES_AGGRESSIVE;
				GCC_WARN_UNUSED_FUNCTION = YES;
				GCC_WARN_UNUSED_VARIABLE = YES;
				IPHONEOS_DEPLOYMENT_TARGET = 13.4;
				MTL_ENABLE_DEBUG_INFO = NO;
				MTL_FAST_MATH = YES;
				SDKROOT = iphoneos;
				SWIFT_COMPILATION_MODE = wholemodule;
				SWIFT_OPTIMIZATION_LEVEL = "-O";
				VALIDATE_PRODUCT = YES;
			};
			name = Release;
		};
		EA5A271C282C1C8100E7BED3 /* Debug */ = {
			isa = XCBuildConfiguration;
			buildSettings = {
				ASSETCATALOG_COMPILER_APPICON_NAME = AppIcon;
				CODE_SIGN_STYLE = Automatic;
				INFOPLIST_FILE = NewWordProject/Info.plist;
				LD_RUNPATH_SEARCH_PATHS = (
					"$(inherited)",
					"@executable_path/Frameworks",
				);
				PRODUCT_BUNDLE_IDENTIFIER = com.Omar.NewWordProject;
				PRODUCT_NAME = "$(TARGET_NAME)";
				SWIFT_VERSION = 5.0;
				TARGETED_DEVICE_FAMILY = "1,2";
			};
			name = Debug;
		};
		EA5A271D282C1C8100E7BED3 /* Release */ = {
			isa = XCBuildConfiguration;
			buildSettings = {
				ASSETCATALOG_COMPILER_APPICON_NAME = AppIcon;
				CODE_SIGN_STYLE = Automatic;
				INFOPLIST_FILE = NewWordProject/Info.plist;
				LD_RUNPATH_SEARCH_PATHS = (
					"$(inherited)",
					"@executable_path/Frameworks",
				);
				PRODUCT_BUNDLE_IDENTIFIER = com.Omar.NewWordProject;
				PRODUCT_NAME = "$(TARGET_NAME)";
				SWIFT_VERSION = 5.0;
				TARGETED_DEVICE_FAMILY = "1,2";
			};
			name = Release;
		};
/* End XCBuildConfiguration section */

/* Begin XCConfigurationList section */
		EA5A26FF282C1C8000E7BED3 /* Build configuration list for PBXProject "NewWordProject" */ = {
			isa = XCConfigurationList;
			buildConfigurations = (
				EA5A2719282C1C8100E7BED3 /* Debug */,
				EA5A271A282C1C8100E7BED3 /* Release */,
			);
			defaultConfigurationIsVisible = 0;
			defaultConfigurationName = Release;
		};
		EA5A271B282C1C8100E7BED3 /* Build configuration list for PBXNativeTarget "NewWordProject" */ = {
			isa = XCConfigurationList;
			buildConfigurations = (
				EA5A271C282C1C8100E7BED3 /* Debug */,
				EA5A271D282C1C8100E7BED3 /* Release */,
			);
			defaultConfigurationIsVisible = 0;
			defaultConfigurationName = Release;
		};
/* End XCConfigurationList section */

/* Begin XCVersionGroup section */
		EA5A2710282C1C8000E7BED3 /* NewWordProject.xcdatamodeld */ = {
			isa = XCVersionGroup;
			children = (
				EA5A2711282C1C8000E7BED3 /* NewWordProject.xcdatamodel */,
			);
			currentVersion = EA5A2711282C1C8000E7BED3 /* NewWordProject.xcdatamodel */;
			path = NewWordProject.xcdatamodeld;
			sourceTree = "<group>";
			versionGroupType = wrapper.xcdatamodel;
		};
/* End XCVersionGroup section */
	};
	rootObject = EA5A26FC282C1C8000E7BED3 /* Project object */;
}
